{
  "name": "project-dependency",
  "version": "1.0.0",
  "lockfileVersion": 2,
  "requires": true,
  "packages": {
    "": {
      "name": "project-dependency",
      "version": "1.0.0",
      "license": "ISC",
      "dependencies": {
        "dotenv": "^16.0.3"
      },
      "devDependencies": {
        "@playwright/test": "^1.32.0-alpha-mar-14-2023"
      }
    },
    "node_modules/@playwright/test": {
      "version": "1.32.0-alpha-mar-14-2023",
      "resolved": "https://registry.npmjs.org/@playwright/test/-/test-1.32.0-alpha-mar-14-2023.tgz",
      "integrity": "sha512-El61tOwL9hAI00UjDoqVnDgpAQaZpBjiKe/VQDS6P/fO9KWmFjxPFSmw0B1esKRUMITookHPVYTDcWMHxOxIXQ==",
      "dev": true,
      "dependencies": {
        "@types/node": "*",
        "playwright-core": "1.32.0-alpha-mar-14-2023"
      },
      "bin": {
        "playwright": "cli.js"
      },
      "engines": {
        "node": ">=14"
      },
      "optionalDependencies": {
        "fsevents": "2.3.2"
      }
    },
    "node_modules/@types/node": {
      "version": "18.15.1",
      "resolved": "https://registry.npmjs.org/@types/node/-/node-18.15.1.tgz",
      "integrity": "sha512-U2TWca8AeHSmbpi314QBESRk7oPjSZjDsR+c+H4ECC1l+kFgpZf8Ydhv3SJpPy51VyZHHqxlb6mTTqYNNRVAIw==",
      "dev": true
    },
    "node_modules/dotenv": {
      "version": "16.0.3",
      "resolved": "https://registry.npmjs.org/dotenv/-/dotenv-16.0.3.tgz",
      "integrity": "sha512-7GO6HghkA5fYG9TYnNxi14/7K9f5occMlp3zXAuSxn7CKCxt9xbNWG7yF8hTCSUchlfWSe3uLmlPfigevRItzQ==",
      "engines": {
        "node": ">=12"
      }
    },
    "node_modules/fsevents": {
      "version": "2.3.2",
      "resolved": "https://registry.npmjs.org/fsevents/-/fsevents-2.3.2.tgz",
      "integrity": "sha512-xiqMQR4xAeHTuB9uWm+fFRcIOgKBMiOBP+eXiyT7jsgVCq1bkVygt00oASowB7EdtpOHaaPgKt812P9ab+DDKA==",
      "dev": true,
      "hasInstallScript": true,
      "optional": true,
      "os": [
        "darwin"
      ],
      "engines": {
        "node": "^8.16.0 || ^10.6.0 || >=11.0.0"
      }
    },
    "node_modules/playwright-core": {
      "version": "1.32.0-alpha-mar-14-2023",
      "resolved": "https://registry.npmjs.org/playwright-core/-/playwright-core-1.32.0-alpha-mar-14-2023.tgz",
      "integrity": "sha512-6H7Bap+Xbp7BHQlzWqQfF7MDS3toH36BQGlCuOm8S7A0LYbT3WIomvTBmCdr1ebQQ7vced2WfIDVwcgj5P4Y8A==",
      "dev": true,
      "bin": {
        "playwright": "cli.js"
      },
      "engines": {
        "node": ">=14"
      }
    }
  },
  "dependencies": {
    "@playwright/test": {
      "version": "1.32.0-alpha-mar-14-2023",
      "resolved": "https://registry.npmjs.org/@playwright/test/-/test-1.32.0-alpha-mar-14-2023.tgz",
      "integrity": "sha512-El61tOwL9hAI00UjDoqVnDgpAQaZpBjiKe/VQDS6P/fO9KWmFjxPFSmw0B1esKRUMITookHPVYTDcWMHxOxIXQ==",
      "dev": true,
      "requires": {
        "@types/node": "*",
        "fsevents": "2.3.2",
        "playwright-core": "1.32.0-alpha-mar-14-2023"
      }
    },
    "@types/node": {
      "version": "18.15.1",
      "resolved": "https://registry.npmjs.org/@types/node/-/node-18.15.1.tgz",
      "integrity": "sha512-U2TWca8AeHSmbpi314QBESRk7oPjSZjDsR+c+H4ECC1l+kFgpZf8Ydhv3SJpPy51VyZHHqxlb6mTTqYNNRVAIw==",
      "dev": true
    },
    "dotenv": {
      "version": "16.0.3",
      "resolved": "https://registry.npmjs.org/dotenv/-/dotenv-16.0.3.tgz",
      "integrity": "sha512-7GO6HghkA5fYG9TYnNxi14/7K9f5occMlp3zXAuSxn7CKCxt9xbNWG7yF8hTCSUchlfWSe3uLmlPfigevRItzQ=="
    },
    "fsevents": {
      "version": "2.3.2",
      "resolved": "https://registry.npmjs.org/fsevents/-/fsevents-2.3.2.tgz",
      "integrity": "sha512-xiqMQR4xAeHTuB9uWm+fFRcIOgKBMiOBP+eXiyT7jsgVCq1bkVygt00oASowB7EdtpOHaaPgKt812P9ab+DDKA==",
      "dev": true,
      "optional": true
    },
    "playwright-core": {
      "version": "1.32.0-alpha-mar-14-2023",
      "resolved": "https://registry.npmjs.org/playwright-core/-/playwright-core-1.32.0-alpha-mar-14-2023.tgz",
      "integrity": "sha512-6H7Bap+Xbp7BHQlzWqQfF7MDS3toH36BQGlCuOm8S7A0LYbT3WIomvTBmCdr1ebQQ7vced2WfIDVwcgj5P4Y8A==",
      "dev": true
    }
  }
}
